// !$*UTF8*$!
{
	archiveVersion = 1;
	classes = {
	};
	objectVersion = 46;
	objects = {

/* Begin PBXBuildFile section */
		5D5B30F91C5FD4990024C693 /* AppDelegate.swift in Sources */ = {isa = PBXBuildFile; fileRef = 5D5B30F81C5FD4990024C693 /* AppDelegate.swift */; };
		5D5B30FB1C5FD4990024C693 /* ViewController.swift in Sources */ = {isa = PBXBuildFile; fileRef = 5D5B30FA1C5FD4990024C693 /* ViewController.swift */; };
		5D5B30FE1C5FD4990024C693 /* Main.storyboard in Resources */ = {isa = PBXBuildFile; fileRef = 5D5B30FC1C5FD4990024C693 /* Main.storyboard */; };
		5D5B31001C5FD4990024C693 /* Assets.xcassets in Resources */ = {isa = PBXBuildFile; fileRef = 5D5B30FF1C5FD4990024C693 /* Assets.xcassets */; };
		5D5B31031C5FD4990024C693 /* LaunchScreen.storyboard in Resources */ = {isa = PBXBuildFile; fileRef = 5D5B31011C5FD4990024C693 /* LaunchScreen.storyboard */; };
/* End PBXBuildFile section */

/* Begin PBXFileReference section */
		5D5B30F51C5FD4990024C693 /* MapSearch.app */ = {isa = PBXFileReference; explicitFileType = wrapper.application; includeInIndex = 0; path = MapSearch.app; sourceTree = BUILT_PRODUCTS_DIR; };
		5D5B30F81C5FD4990024C693 /* AppDelegate.swift */ = {isa = PBXFileReference; lastKnownFileType = sourcecode.swift; path = AppDelegate.swift; sourceTree = "<group>"; };
		5D5B30FA1C5FD4990024C693 /* ViewController.swift */ = {isa = PBXFileReference; lastKnownFileType = sourcecode.swift; path = ViewController.swift; sourceTree = "<group>"; };
		5D5B30FD1C5FD4990024C693 /* Base */ = {isa = PBXFileReference; lastKnownFileType = file.storyboard; name = Base; path = Base.lproj/Main.storyboard; sourceTree = "<group>"; };
		5D5B30FF1C5FD4990024C693 /* Assets.xcassets */ = {isa = PBXFileReference; lastKnownFileType = folder.assetcatalog; path = Assets.xcassets; sourceTree = "<group>"; };
		5D5B31021C5FD4990024C693 /* Base */ = {isa = PBXFileReference; lastKnownFileType = file.storyboard; name = Base; path = Base.lproj/LaunchScreen.storyboard; sourceTree = "<group>"; };
		5D5B31041C5FD4990024C693 /* Info.plist */ = {isa = PBXFileReference; lastKnownFileType = text.plist.xml; path = Info.plist; sourceTree = "<group>"; };
/* End PBXFileReference section */

/* Begin PBXFrameworksBuildPhase section */
		5D5B30F21C5FD4990024C693 /* Frameworks */ = {
			isa = PBXFrameworksBuildPhase;
			buildActionMask = 2147483647;
			files = (
			);
			runOnlyForDeploymentPostprocessing = 0;
		};
/* End PBXFrameworksBuildPhase section */

/* Begin PBXGroup section */
		5D5B30EC1C5FD4990024C693 = {
			isa = PBXGroup;
			children = (
				5D5B30F71C5FD4990024C693 /* MapSearch */,
				5D5B30F61C5FD4990024C693 /* Products */,
			);
			sourceTree = "<group>";
		};
		5D5B30F61C5FD4990024C693 /* Products */ = {
			isa = PBXGroup;
			children = (
				5D5B30F51C5FD4990024C693 /* MapSearch.app */,
			);
			name = Products;
			sourceTree = "<group>";
		};
		5D5B30F71C5FD4990024C693 /* MapSearch */ = {
			isa = PBXGroup;
			children = (
				5D5B30F81C5FD4990024C693 /* AppDelegate.swift */,
				5D5B30FA1C5FD4990024C693 /* ViewController.swift */,
				5D5B30FC1C5FD4990024C693 /* Main.storyboard */,
				5D5B30FF1C5FD4990024C693 /* Assets.xcassets */,
				5D5B31011C5FD4990024C693 /* LaunchScreen.storyboard */,
				5D5B31041C5FD4990024C693 /* Info.plist */,
			);
			path = MapSearch;
			sourceTree = "<group>";
		};
/* End PBXGroup section */

/* Begin PBXNativeTarget section */
		5D5B30F41C5FD4990024C693 /* MapSearch */ = {
			isa = PBXNativeTarget;
			buildConfigurationList = 5D5B31071C5FD4990024C693 /* Build configuration list for PBXNativeTarget "MapSearch" */;
			buildPhases = (
				5D5B30F11C5FD4990024C693 /* Sources */,
				5D5B30F21C5FD4990024C693 /* Frameworks */,
				5D5B30F31C5FD4990024C693 /* Resources */,
			);
			buildRules = (
			);
			dependencies = (
			);
			name = MapSearch;
			productName = MapSearch;
			productReference = 5D5B30F51C5FD4990024C693 /* MapSearch.app */;
			productType = "com.apple.product-type.application";
		};
/* End PBXNativeTarget section */

/* Begin PBXProject section */
		5D5B30ED1C5FD4990024C693 /* Project object */ = {
			isa = PBXProject;
			attributes = {
				LastSwiftUpdateCheck = 0720;
				LastUpgradeCheck = 0720;
				ORGANIZATIONNAME = "Wicko Design";
				TargetAttributes = {
					5D5B30F41C5FD4990024C693 = {
						CreatedOnToolsVersion = 7.2;
						DevelopmentTeam = DAX73F2QX2;
					};
				};
			};
			buildConfigurationList = 5D5B30F01C5FD4990024C693 /* Build configuration list for PBXProject "MapSearch" */;
			compatibilityVersion = "Xcode 3.2";
			developmentRegion = English;
			hasScannedForEncodings = 0;
			knownRegions = (
				en,
				Base,
			);
			mainGroup = 5D5B30EC1C5FD4990024C693;
			productRefGroup = 5D5B30F61C5FD4990024C693 /* Products */;
			projectDirPath = "";
			projectRoot = "";
			targets = (
				5D5B30F41C5FD4990024C693 /* MapSearch */,
			);
		};
/* End PBXProject section */

/* Begin PBXResourcesBuildPhase section */
		5D5B30F31C5FD4990024C693 /* Resources */ = {
			isa = PBXResourcesBuildPhase;
			buildActionMask = 2147483647;
			files = (
				5D5B31031C5FD4990024C693 /* LaunchScreen.storyboard in Resources */,
				5D5B31001C5FD4990024C693 /* Assets.xcassets in Resources */,
				5D5B30FE1C5FD4990024C693 /* Main.storyboard in Resources */,
			);
			runOnlyForDeploymentPostprocessing = 0;
		};
/* End PBXResourcesBuildPhase section */

/* Begin PBXSourcesBuildPhase section */
		5D5B30F11C5FD4990024C693 /* Sources */ = {
			isa = PBXSourcesBuildPhase;
			buildActionMask = 2147483647;
			files = (
				5D5B30FB1C5FD4990024C693 /* ViewController.swift in Sources */,
				5D5B30F91C5FD4990024C693 /* AppDelegate.swift in Sources */,
			);
			runOnlyForDeploymentPostprocessing = 0;
		};
/* End PBXSourcesBuildPhase section */

/* Begin PBXVariantGroup section */
		5D5B30FC1C5FD4990024C693 /* Main.storyboard */ = {
			isa = PBXVariantGroup;
			children = (
				5D5B30FD1C5FD4990024C693 /* Base */,
			);
			name = Main.storyboard;
			sourceTree = "<group>";
		};
		5D5B31011C5FD4990024C693 /* LaunchScreen.storyboard */ = {
			isa = PBXVariantGroup;
			children = (
				5D5B31021C5FD4990024C693 /* Base */,
			);
			name = LaunchScreen.storyboard;
			sourceTree = "<group>";
		};
/* End PBXVariantGroup section */

/* Begin XCBuildConfiguration section */
		5D5B31051C5FD4990024C693 /* Debug */ = {
			isa = XCBuildConfiguration;
			buildSettings = {
				ALWAYS_SEARCH_USER_PATHS = NO;
				CLANG_CXX_LANGUAGE_STANDARD = "gnu++0x";
				CLANG_CXX_LIBRARY = "libc++";
				CLANG_ENABLE_MODULES = YES;
				CLANG_ENABLE_OBJC_ARC = YES;
				CLANG_WARN_BOOL_CONVERSION = YES;
				CLANG_WARN_CONSTANT_CONVERSION = YES;
				CLANG_WARN_DIRECT_OBJC_ISA_USAGE = YES_ERROR;
				CLANG_WARN_EMPTY_BODY = YES;
				CLANG_WARN_ENUM_CONVERSION = YES;
				CLANG_WARN_INT_CONVERSION = YES;
				CLANG_WARN_OBJC_ROOT_CLASS = YES_ERROR;
				CLANG_WARN_UNREACHABLE_CODE = YES;
				CLANG_WARN__DUPLICATE_METHOD_MATCH = YES;
				"CODE_SIGN_IDENTITY[sdk=iphoneos*]" = "iPhone Developer";
				COPY_PHASE_STRIP = NO;
				DEBUG_INFORMATION_FORMAT = dwarf;
				ENABLE_STRICT_OBJC_MSGSEND = YES;
				ENABLE_TESTABILITY = YES;
				GCC_C_LANGUAGE_STANDARD = gnu99;
				GCC_DYNAMIC_NO_PIC = NO;
				GCC_NO_COMMON_BLOCKS = YES;
				GCC_OPTIMIZATION_LEVEL = 0;
				GCC_PREPROCESSOR_DEFINITIONS = (
					"DEBUG=1",
					"$(inherited)",
				);
				GCC_WARN_64_TO_32_BIT_CONVERSION = YES;
				GCC_WARN_ABOUT_RETURN_TYPE = YES_ERROR;
				GCC_WARN_UNDECLARED_SELECTOR = YES;
				GCC_WARN_UNINITIALIZED_AUTOS = YES_AGGRESSIVE;
				GCC_WARN_UNUSED_FUNCTION = YES;
				GCC_WARN_UNUSED_VARIABLE = YES;
				IPHONEOS_DEPLOYMENT_TARGET = 9.2;
				MTL_ENABLE_DEBUG_INFO = YES;
				ONLY_ACTIVE_ARCH = YES;
				SDKROOT = iphoneos;
				SWIFT_OPTIMIZATION_LEVEL = "-Onone";
				TARGETED_DEVICE_FAMILY = "1,2";
			};
			name = Debug;
		};
		5D5B31061C5FD4990024C693 /* Release */ = {
			isa = XCBuildConfiguration;
			buildSettings = {
				ALWAYS_SEARCH_USER_PATHS = NO;
				CLANG_CXX_LANGUAGE_STANDARD = "gnu++0x";
				CLANG_CXX_LIBRARY = "libc++";
				CLANG_ENABLE_MODULES = YES;
				CLANG_ENABLE_OBJC_ARC = YES;
				CLANG_WARN_BOOL_CONVERSION = YES;
				CLANG_WARN_CONSTANT_CONVERSION = YES;
				CLANG_WARN_DIRECT_OBJC_ISA_USAGE = YES_ERROR;
				CLANG_WARN_EMPTY_BODY = YES;
				CLANG_WARN_ENUM_CONVERSION = YES;
				CLANG_WARN_INT_CONVERSION = YES;
				CLANG_WARN_OBJC_ROOT_CLASS = YES_ERROR;
				CLANG_WARN_UNREACHABLE_CODE = YES;
				CLANG_WARN__DUPLICATE_METHOD_MATCH = YES;
				"CODE_SIGN_IDENTITY[sdk=iphoneos*]" = "iPhone Developer";
				COPY_PHASE_STRIP = NO;
				DEBUG_INFORMATION_FORMAT = "dwarf-with-dsym";
				ENABLE_NS_ASSERTIONS = NO;
				ENABLE_STRICT_OBJC_MSGSEND = YES;
				GCC_C_LANGUAGE_STANDARD = gnu99;
				GCC_NO_COMMON_BLOCKS = YES;
				GCC_WARN_64_TO_32_BIT_CONVERSION = YES;
				GCC_WARN_ABOUT_RETURN_TYPE = YES_ERROR;
				GCC_WARN_UNDECLARED_SELECTOR = YES;
				GCC_WARN_UNINITIALIZED_AUTOS = YES_AGGRESSIVE;
				GCC_WARN_UNUSED_FUNCTION = YES;
				GCC_WARN_UNUSED_VARIABLE = YES;
				IPHONEOS_DEPLOYMENT_TARGET = 9.2;
				MTL_ENABLE_DEBUG_INFO = NO;
				SDKROOT = iphoneos;
				TARGETED_DEVICE_FAMILY = "1,2";
				VALIDATE_PRODUCT = YES;
			};
			name = Release;
		};
		5D5B31081C5FD4990024C693 /* Debug */ = {
			isa = XCBuildConfiguration;
			buildSettings = {
				ASSETCATALOG_COMPILER_APPICON_NAME = AppIcon;
				INFOPLIST_FILE = MapSearch/Info.plist;
				LD_RUNPATH_SEARCH_PATHS = "$(inherited) @executable_path/Frameworks";
				PRODUCT_BUNDLE_IDENTIFIER = com.wickodesign.MapSearch;
				PRODUCT_NAME = "$(TARGET_NAME)";
			};
			name = Debug;
		};
		5D5B31091C5FD4990024C693 /* Release */ = {
			isa = XCBuildConfiguration;
			buildSettings = {
				ASSETCATALOG_COMPILER_APPICON_NAME = AppIcon;
				INFOPLIST_FILE = MapSearch/Info.plist;
				LD_RUNPATH_SEARCH_PATHS = "$(inherited) @executable_path/Frameworks";
				PRODUCT_BUNDLE_IDENTIFIER = com.wickodesign.MapSearch;
				PRODUCT_NAME = "$(TARGET_NAME)";
			};
			name = Release;
		};
/* End XCBuildConfiguration section */

/* Begin XCConfigurationList section */
		5D5B30F01C5FD4990024C693 /* Build configuration list for PBXProject "MapSearch" */ = {
			isa = XCConfigurationList;
			buildConfigurations = (
				5D5B31051C5FD4990024C693 /* Debug */,
				5D5B31061C5FD4990024C693 /* Release */,
			);
			defaultConfigurationIsVisible = 0;
			defaultConfigurationName = Release;
		};
		5D5B31071C5FD4990024C693 /* Build configuration list for PBXNativeTarget "MapSearch" */ = {
			isa = XCConfigurationList;
			buildConfigurations = (
				5D5B31081C5FD4990024C693 /* Debug */,
				5D5B31091C5FD4990024C693 /* Release */,
			);
			defaultConfigurationIsVisible = 0;
		};
/* End XCConfigurationList section */
	};
	rootObject = 5D5B30ED1C5FD4990024C693 /* Project object */;
}
